
Microsoft Visual Studio Solution File, Format Version 12.00
# Visual Studio Version 16
VisualStudioVersion = 16.0.31424.327
MinimumVisualStudioVersion = 10.0.40219.1
Project("{FAE04EC0-301F-11D3-BF4B-00C04F79EFBC}") = "ISMPrakt10", "ISMPrakt10\ISMPrakt10.csproj", "{CDAA0381-E08C-424A-84B7-CA1091764C98}"
EndProject
Global
	GlobalSection(SolutionConfigurationPlatforms) = preSolution
		Debug|Any CPU = Debug|Any CPU
		Release|Any CPU = Release|Any CPU
	EndGlobalSection
	GlobalSection(ProjectConfigurationPlatforms) = postSolution
		{CDAA0381-E08C-424A-84B7-CA1091764C98}.Debug|Any CPU.ActiveCfg = Debug|Any CPU
		{CDAA0381-E08C-424A-84B7-CA1091764C98}.Debug|Any CPU.Build.0 = Debug|Any CPU
		{CDAA0381-E08C-424A-84B7-CA1091764C98}.Release|Any CPU.ActiveCfg = Release|Any CPU
		{CDAA0381-E08C-424A-84B7-CA1091764C98}.Release|Any CPU.Build.0 = Release|Any CPU
	EndGlobalSection
	GlobalSection(SolutionProperties) = preSolution
		HideSolutionNode = FALSE
	EndGlobalSection
	GlobalSection(ExtensibilityGlobals) = postSolution
		SolutionGuid = {3646864A-2F9F-456F-8731-FF225B3C3650}
	EndGlobalSection
EndGlobal
